
Microsoft Visual Studio Solution File, Format Version 12.00
# Visual Studio Version 17
VisualStudioVersion = 17.1.32421.90
MinimumVisualStudioVersion = 10.0.40219.1
Project("{9A19103F-16F7-4668-BE54-9A1E7A4F7556}") = "ConsoleTree", "ConsoleTree\ConsoleTree.csproj", "{58A27296-7AA8-4F23-89D0-4943C10FDBB0}"
EndProject
Project("{9A19103F-16F7-4668-BE54-9A1E7A4F7556}") = "ConsoleTree.Demo", "ConsoleTree.Demo\ConsoleTree.Demo.csproj", "{75C813BC-86BD-4781-BF62-C9A95DDDC459}"
EndProject
Project("{FAE04EC0-301F-11D3-BF4B-00C04F79EFBC}") = "XmlDocGen", "XmlDocGen\XmlDocGen.csproj", "{3FABA88A-98B9-4D47-A8F5-59D98F8B7372}"
EndProject
Global
	GlobalSection(SolutionConfigurationPlatforms) = preSolution
		Debug|Any CPU = Debug|Any CPU
		Release|Any CPU = Release|Any CPU
	EndGlobalSection
	GlobalSection(ProjectConfigurationPlatforms) = postSolution
		{58A27296-7AA8-4F23-89D0-4943C10FDBB0}.Debug|Any CPU.ActiveCfg = Debug|Any CPU
		{58A27296-7AA8-4F23-89D0-4943C10FDBB0}.Debug|Any CPU.Build.0 = Debug|Any CPU
		{58A27296-7AA8-4F23-89D0-4943C10FDBB0}.Release|Any CPU.ActiveCfg = Release|Any CPU
		{58A27296-7AA8-4F23-89D0-4943C10FDBB0}.Release|Any CPU.Build.0 = Release|Any CPU
		{75C813BC-86BD-4781-BF62-C9A95DDDC459}.Debug|Any CPU.ActiveCfg = Debug|Any CPU
		{75C813BC-86BD-4781-BF62-C9A95DDDC459}.Debug|Any CPU.Build.0 = Debug|Any CPU
		{75C813BC-86BD-4781-BF62-C9A95DDDC459}.Release|Any CPU.ActiveCfg = Release|Any CPU
		{75C813BC-86BD-4781-BF62-C9A95DDDC459}.Release|Any CPU.Build.0 = Release|Any CPU
		{3FABA88A-98B9-4D47-A8F5-59D98F8B7372}.Debug|Any CPU.ActiveCfg = Debug|Any CPU
		{3FABA88A-98B9-4D47-A8F5-59D98F8B7372}.Debug|Any CPU.Build.0 = Debug|Any CPU
		{3FABA88A-98B9-4D47-A8F5-59D98F8B7372}.Release|Any CPU.ActiveCfg = Release|Any CPU
		{3FABA88A-98B9-4D47-A8F5-59D98F8B7372}.Release|Any CPU.Build.0 = Release|Any CPU
	EndGlobalSection
	GlobalSection(SolutionProperties) = preSolution
		HideSolutionNode = FALSE
	EndGlobalSection
	GlobalSection(ExtensibilityGlobals) = postSolution
		SolutionGuid = {2B70A313-87AB-40D3-84F9-DEBD42A7FF1B}
	EndGlobalSection
EndGlobal
